
Microsoft Visual Studio Solution File, Format Version 12.00
# Visual Studio Version 16
VisualStudioVersion = 16.0.30001.183
MinimumVisualStudioVersion = 10.0.40219.1
Project("{9A19103F-16F7-4668-BE54-9A1E7A4F7556}") = "PaceCalculator.Core", "PaceCalculator.Core\PaceCalculator.Core.csproj", "{C91CEE37-090D-49DA-849A-075B1F2C1A8B}"
EndProject
Project("{9A19103F-16F7-4668-BE54-9A1E7A4F7556}") = "PaceCalculator.Core.Test", "PaceCalculator.Core.Test\PaceCalculator.Core.Test.csproj", "{9DFF25C6-D013-466D-81E6-BAF8322524E2}"
EndProject
Project("{FAE04EC0-301F-11D3-BF4B-00C04F79EFBC}") = "PaceCalculator.Blazor", "PaceCalculator.Blazor\PaceCalculator.Blazor.csproj", "{BFE4FEB1-CC55-4DB7-902E-5B846D2CAD01}"
EndProject
Global
	GlobalSection(SolutionConfigurationPlatforms) = preSolution
		Debug|Any CPU = Debug|Any CPU
		Release|Any CPU = Release|Any CPU
	EndGlobalSection
	GlobalSection(ProjectConfigurationPlatforms) = postSolution
		{C91CEE37-090D-49DA-849A-075B1F2C1A8B}.Debug|Any CPU.ActiveCfg = Debug|Any CPU
		{C91CEE37-090D-49DA-849A-075B1F2C1A8B}.Debug|Any CPU.Build.0 = Debug|Any CPU
		{C91CEE37-090D-49DA-849A-075B1F2C1A8B}.Release|Any CPU.ActiveCfg = Release|Any CPU
		{C91CEE37-090D-49DA-849A-075B1F2C1A8B}.Release|Any CPU.Build.0 = Release|Any CPU
		{9DFF25C6-D013-466D-81E6-BAF8322524E2}.Debug|Any CPU.ActiveCfg = Debug|Any CPU
		{9DFF25C6-D013-466D-81E6-BAF8322524E2}.Debug|Any CPU.Build.0 = Debug|Any CPU
		{9DFF25C6-D013-466D-81E6-BAF8322524E2}.Release|Any CPU.ActiveCfg = Release|Any CPU
		{9DFF25C6-D013-466D-81E6-BAF8322524E2}.Release|Any CPU.Build.0 = Release|Any CPU
		{BFE4FEB1-CC55-4DB7-902E-5B846D2CAD01}.Debug|Any CPU.ActiveCfg = Debug|Any CPU
		{BFE4FEB1-CC55-4DB7-902E-5B846D2CAD01}.Debug|Any CPU.Build.0 = Debug|Any CPU
		{BFE4FEB1-CC55-4DB7-902E-5B846D2CAD01}.Release|Any CPU.ActiveCfg = Release|Any CPU
		{BFE4FEB1-CC55-4DB7-902E-5B846D2CAD01}.Release|Any CPU.Build.0 = Release|Any CPU
	EndGlobalSection
	GlobalSection(SolutionProperties) = preSolution
		HideSolutionNode = FALSE
	EndGlobalSection
	GlobalSection(ExtensibilityGlobals) = postSolution
		SolutionGuid = {8CFA5A54-AABE-4930-99EA-6886F8B3B2EC}
	EndGlobalSection
EndGlobal
